
Microsoft Visual Studio Solution File, Format Version 12.00
# Visual Studio Version 17
VisualStudioVersion = 17.6.33829.357
MinimumVisualStudioVersion = 10.0.40219.1
Project("{FAE04EC0-301F-11D3-BF4B-00C04F79EFBC}") = "SonarRepair", "SonarRepair\SonarRepair.csproj", "{A7E4E748-731A-40DD-8D27-6A59D4CF5E9A}"
EndProject
Global
	GlobalSection(SolutionConfigurationPlatforms) = preSolution
		Debug|Any CPU = Debug|Any CPU
		Release|Any CPU = Release|Any CPU
	EndGlobalSection
	GlobalSection(ProjectConfigurationPlatforms) = postSolution
		{A7E4E748-731A-40DD-8D27-6A59D4CF5E9A}.Debug|Any CPU.ActiveCfg = Debug|Any CPU
		{A7E4E748-731A-40DD-8D27-6A59D4CF5E9A}.Debug|Any CPU.Build.0 = Debug|Any CPU
		{A7E4E748-731A-40DD-8D27-6A59D4CF5E9A}.Release|Any CPU.ActiveCfg = Release|Any CPU
		{A7E4E748-731A-40DD-8D27-6A59D4CF5E9A}.Release|Any CPU.Build.0 = Release|Any CPU
	EndGlobalSection
	GlobalSection(SolutionProperties) = preSolution
		HideSolutionNode = FALSE
	EndGlobalSection
	GlobalSection(ExtensibilityGlobals) = postSolution
		SolutionGuid = {68815AF2-00BC-455A-BC7F-2B5A9EE3DD89}
	EndGlobalSection
EndGlobal
